
Microsoft Visual Studio Solution File, Format Version 12.00
# Visual Studio Version 17
VisualStudioVersion = 17.1.32407.343
MinimumVisualStudioVersion = 10.0.40219.1
Project("{FAE04EC0-301F-11D3-BF4B-00C04F79EFBC}") = "DiegoPortilla.Android", "DiegoPortilla.Android\DiegoPortilla.Android.csproj", "{3DBFBC3E-0E87-4193-A5BB-589E4673E73C}"
EndProject
Project("{FAE04EC0-301F-11D3-BF4B-00C04F79EFBC}") = "DiegoPortilla.iOS", "DiegoPortilla.iOS\DiegoPortilla.iOS.csproj", "{EC6EFC2C-75E3-4852-AE9C-56CB187770A2}"
EndProject
Project("{FAE04EC0-301F-11D3-BF4B-00C04F79EFBC}") = "DiegoPortilla", "DiegoPortilla\DiegoPortilla.csproj", "{682A8783-A471-4EF6-B57D-78CA4C0EFCAE}"
EndProject
Global
	GlobalSection(SolutionConfigurationPlatforms) = preSolution
		Debug|Any CPU = Debug|Any CPU
		Debug|iPhone = Debug|iPhone
		Debug|iPhoneSimulator = Debug|iPhoneSimulator
		Release|Any CPU = Release|Any CPU
		Release|iPhone = Release|iPhone
		Release|iPhoneSimulator = Release|iPhoneSimulator
	EndGlobalSection
	GlobalSection(ProjectConfigurationPlatforms) = postSolution
		{3DBFBC3E-0E87-4193-A5BB-589E4673E73C}.Debug|Any CPU.ActiveCfg = Debug|Any CPU
		{3DBFBC3E-0E87-4193-A5BB-589E4673E73C}.Debug|Any CPU.Build.0 = Debug|Any CPU
		{3DBFBC3E-0E87-4193-A5BB-589E4673E73C}.Debug|Any CPU.Deploy.0 = Debug|Any CPU
		{3DBFBC3E-0E87-4193-A5BB-589E4673E73C}.Debug|iPhone.ActiveCfg = Debug|Any CPU
		{3DBFBC3E-0E87-4193-A5BB-589E4673E73C}.Debug|iPhone.Build.0 = Debug|Any CPU
		{3DBFBC3E-0E87-4193-A5BB-589E4673E73C}.Debug|iPhone.Deploy.0 = Debug|Any CPU
		{3DBFBC3E-0E87-4193-A5BB-589E4673E73C}.Debug|iPhoneSimulator.ActiveCfg = Debug|Any CPU
		{3DBFBC3E-0E87-4193-A5BB-589E4673E73C}.Debug|iPhoneSimulator.Build.0 = Debug|Any CPU
		{3DBFBC3E-0E87-4193-A5BB-589E4673E73C}.Debug|iPhoneSimulator.Deploy.0 = Debug|Any CPU
		{3DBFBC3E-0E87-4193-A5BB-589E4673E73C}.Release|Any CPU.ActiveCfg = Release|Any CPU
		{3DBFBC3E-0E87-4193-A5BB-589E4673E73C}.Release|Any CPU.Build.0 = Release|Any CPU
		{3DBFBC3E-0E87-4193-A5BB-589E4673E73C}.Release|Any CPU.Deploy.0 = Release|Any CPU
		{3DBFBC3E-0E87-4193-A5BB-589E4673E73C}.Release|iPhone.ActiveCfg = Release|Any CPU
		{3DBFBC3E-0E87-4193-A5BB-589E4673E73C}.Release|iPhone.Build.0 = Release|Any CPU
		{3DBFBC3E-0E87-4193-A5BB-589E4673E73C}.Release|iPhone.Deploy.0 = Release|Any CPU
		{3DBFBC3E-0E87-4193-A5BB-589E4673E73C}.Release|iPhoneSimulator.ActiveCfg = Release|Any CPU
		{3DBFBC3E-0E87-4193-A5BB-589E4673E73C}.Release|iPhoneSimulator.Build.0 = Release|Any CPU
		{3DBFBC3E-0E87-4193-A5BB-589E4673E73C}.Release|iPhoneSimulator.Deploy.0 = Release|Any CPU
		{EC6EFC2C-75E3-4852-AE9C-56CB187770A2}.Debug|Any CPU.ActiveCfg = Debug|iPhone
		{EC6EFC2C-75E3-4852-AE9C-56CB187770A2}.Debug|Any CPU.Build.0 = Debug|iPhone
		{EC6EFC2C-75E3-4852-AE9C-56CB187770A2}.Debug|Any CPU.Deploy.0 = Debug|iPhone
		{EC6EFC2C-75E3-4852-AE9C-56CB187770A2}.Debug|iPhone.ActiveCfg = Debug|iPhone
		{EC6EFC2C-75E3-4852-AE9C-56CB187770A2}.Debug|iPhone.Build.0 = Debug|iPhone
		{EC6EFC2C-75E3-4852-AE9C-56CB187770A2}.Debug|iPhone.Deploy.0 = Debug|iPhone
		{EC6EFC2C-75E3-4852-AE9C-56CB187770A2}.Debug|iPhoneSimulator.ActiveCfg = Debug|iPhoneSimulator
		{EC6EFC2C-75E3-4852-AE9C-56CB187770A2}.Debug|iPhoneSimulator.Build.0 = Debug|iPhoneSimulator
		{EC6EFC2C-75E3-4852-AE9C-56CB187770A2}.Debug|iPhoneSimulator.Deploy.0 = Debug|iPhoneSimulator
		{EC6EFC2C-75E3-4852-AE9C-56CB187770A2}.Release|Any CPU.ActiveCfg = Release|iPhoneSimulator
		{EC6EFC2C-75E3-4852-AE9C-56CB187770A2}.Release|Any CPU.Build.0 = Release|iPhoneSimulator
		{EC6EFC2C-75E3-4852-AE9C-56CB187770A2}.Release|Any CPU.Deploy.0 = Release|iPhoneSimulator
		{EC6EFC2C-75E3-4852-AE9C-56CB187770A2}.Release|iPhone.ActiveCfg = Release|iPhone
		{EC6EFC2C-75E3-4852-AE9C-56CB187770A2}.Release|iPhone.Build.0 = Release|iPhone
		{EC6EFC2C-75E3-4852-AE9C-56CB187770A2}.Release|iPhone.Deploy.0 = Release|iPhone
		{EC6EFC2C-75E3-4852-AE9C-56CB187770A2}.Release|iPhoneSimulator.ActiveCfg = Release|iPhoneSimulator
		{EC6EFC2C-75E3-4852-AE9C-56CB187770A2}.Release|iPhoneSimulator.Build.0 = Release|iPhoneSimulator
		{EC6EFC2C-75E3-4852-AE9C-56CB187770A2}.Release|iPhoneSimulator.Deploy.0 = Release|iPhoneSimulator
		{682A8783-A471-4EF6-B57D-78CA4C0EFCAE}.Debug|Any CPU.ActiveCfg = Debug|Any CPU
		{682A8783-A471-4EF6-B57D-78CA4C0EFCAE}.Debug|Any CPU.Build.0 = Debug|Any CPU
		{682A8783-A471-4EF6-B57D-78CA4C0EFCAE}.Debug|Any CPU.Deploy.0 = Debug|Any CPU
		{682A8783-A471-4EF6-B57D-78CA4C0EFCAE}.Debug|iPhone.ActiveCfg = Debug|Any CPU
		{682A8783-A471-4EF6-B57D-78CA4C0EFCAE}.Debug|iPhone.Build.0 = Debug|Any CPU
		{682A8783-A471-4EF6-B57D-78CA4C0EFCAE}.Debug|iPhone.Deploy.0 = Debug|Any CPU
		{682A8783-A471-4EF6-B57D-78CA4C0EFCAE}.Debug|iPhoneSimulator.ActiveCfg = Debug|Any CPU
		{682A8783-A471-4EF6-B57D-78CA4C0EFCAE}.Debug|iPhoneSimulator.Build.0 = Debug|Any CPU
		{682A8783-A471-4EF6-B57D-78CA4C0EFCAE}.Debug|iPhoneSimulator.Deploy.0 = Debug|Any CPU
		{682A8783-A471-4EF6-B57D-78CA4C0EFCAE}.Release|Any CPU.ActiveCfg = Release|Any CPU
		{682A8783-A471-4EF6-B57D-78CA4C0EFCAE}.Release|Any CPU.Build.0 = Release|Any CPU
		{682A8783-A471-4EF6-B57D-78CA4C0EFCAE}.Release|Any CPU.Deploy.0 = Release|Any CPU
		{682A8783-A471-4EF6-B57D-78CA4C0EFCAE}.Release|iPhone.ActiveCfg = Release|Any CPU
		{682A8783-A471-4EF6-B57D-78CA4C0EFCAE}.Release|iPhone.Build.0 = Release|Any CPU
		{682A8783-A471-4EF6-B57D-78CA4C0EFCAE}.Release|iPhone.Deploy.0 = Release|Any CPU
		{682A8783-A471-4EF6-B57D-78CA4C0EFCAE}.Release|iPhoneSimulator.ActiveCfg = Release|Any CPU
		{682A8783-A471-4EF6-B57D-78CA4C0EFCAE}.Release|iPhoneSimulator.Build.0 = Release|Any CPU
		{682A8783-A471-4EF6-B57D-78CA4C0EFCAE}.Release|iPhoneSimulator.Deploy.0 = Release|Any CPU
	EndGlobalSection
	GlobalSection(SolutionProperties) = preSolution
		HideSolutionNode = FALSE
	EndGlobalSection
	GlobalSection(ExtensibilityGlobals) = postSolution
		SolutionGuid = {256FAFA9-2D5B-4745-A622-C8F9E9E7E6F7}
	EndGlobalSection
EndGlobal
